
Microsoft Visual Studio Solution File, Format Version 12.00
# Visual Studio 15
VisualStudioVersion = 15.0.27428.2002
MinimumVisualStudioVersion = 10.0.40219.1
Project("{FAE04EC0-301F-11D3-BF4B-00C04F79EFBC}") = "CLIfy", "CLIfy\CLIfy.csproj", "{189C3A21-28C3-4C6E-A369-5DC4CC1B0186}"
EndProject
Project("{FAE04EC0-301F-11D3-BF4B-00C04F79EFBC}") = "CLIfyDemo", "CLIfyDemo\CLIfyDemo.csproj", "{F9E8B2DC-DF78-4F8A-9A72-755C04EB1E4A}"
EndProject
Global
	GlobalSection(SolutionConfigurationPlatforms) = preSolution
		Debug|Any CPU = Debug|Any CPU
		Release|Any CPU = Release|Any CPU
	EndGlobalSection
	GlobalSection(ProjectConfigurationPlatforms) = postSolution
		{189C3A21-28C3-4C6E-A369-5DC4CC1B0186}.Debug|Any CPU.ActiveCfg = Debug|Any CPU
		{189C3A21-28C3-4C6E-A369-5DC4CC1B0186}.Debug|Any CPU.Build.0 = Debug|Any CPU
		{189C3A21-28C3-4C6E-A369-5DC4CC1B0186}.Release|Any CPU.ActiveCfg = Release|Any CPU
		{189C3A21-28C3-4C6E-A369-5DC4CC1B0186}.Release|Any CPU.Build.0 = Release|Any CPU
		{F9E8B2DC-DF78-4F8A-9A72-755C04EB1E4A}.Debug|Any CPU.ActiveCfg = Debug|Any CPU
		{F9E8B2DC-DF78-4F8A-9A72-755C04EB1E4A}.Debug|Any CPU.Build.0 = Debug|Any CPU
		{F9E8B2DC-DF78-4F8A-9A72-755C04EB1E4A}.Release|Any CPU.ActiveCfg = Release|Any CPU
		{F9E8B2DC-DF78-4F8A-9A72-755C04EB1E4A}.Release|Any CPU.Build.0 = Release|Any CPU
	EndGlobalSection
	GlobalSection(SolutionProperties) = preSolution
		HideSolutionNode = FALSE
	EndGlobalSection
	GlobalSection(ExtensibilityGlobals) = postSolution
		SolutionGuid = {3218CEBC-E2C9-4D1B-919F-5D176DC847E8}
	EndGlobalSection
EndGlobal
